
Microsoft Visual Studio Solution File, Format Version 12.00
# Visual Studio Version 16
VisualStudioVersion = 16.0.32901.82
MinimumVisualStudioVersion = 10.0.40219.1
Project("{FAE04EC0-301F-11D3-BF4B-00C04F79EFBC}") = "pFileUpdateRepair", "pFileUpdateRepair\pFileUpdateRepair.csproj", "{6AF3A155-6E9D-457A-B411-5B59CC56B5D7}"
EndProject
Global
	GlobalSection(SolutionConfigurationPlatforms) = preSolution
		Debug|Any CPU = Debug|Any CPU
		Release|Any CPU = Release|Any CPU
	EndGlobalSection
	GlobalSection(ProjectConfigurationPlatforms) = postSolution
		{6AF3A155-6E9D-457A-B411-5B59CC56B5D7}.Debug|Any CPU.ActiveCfg = Debug|Any CPU
		{6AF3A155-6E9D-457A-B411-5B59CC56B5D7}.Debug|Any CPU.Build.0 = Debug|Any CPU
		{6AF3A155-6E9D-457A-B411-5B59CC56B5D7}.Release|Any CPU.ActiveCfg = Release|Any CPU
		{6AF3A155-6E9D-457A-B411-5B59CC56B5D7}.Release|Any CPU.Build.0 = Release|Any CPU
	EndGlobalSection
	GlobalSection(SolutionProperties) = preSolution
		HideSolutionNode = FALSE
	EndGlobalSection
	GlobalSection(ExtensibilityGlobals) = postSolution
		SolutionGuid = {C4EF98DA-220C-46BF-AE85-1DB765C79B63}
	EndGlobalSection
EndGlobal
